
Microsoft Visual Studio Solution File, Format Version 12.00
# Visual Studio Version 17
VisualStudioVersion = 17.6.33801.468
MinimumVisualStudioVersion = 10.0.40219.1
Project("{FAE04EC0-301F-11D3-BF4B-00C04F79EFBC}") = "MasstransitSample", "MasstransitSample\MasstransitSample.csproj", "{BF7E247E-880C-4D86-8F5E-0B18DEF3B778}"
EndProject
Project("{FAE04EC0-301F-11D3-BF4B-00C04F79EFBC}") = "MasstransitSample.Shared", "MasstransitSample.Shared\MasstransitSample.Shared.csproj", "{A8574E89-E3B0-4993-B67A-E50B0A345799}"
EndProject
Global
	GlobalSection(SolutionConfigurationPlatforms) = preSolution
		Debug|Any CPU = Debug|Any CPU
		Release|Any CPU = Release|Any CPU
	EndGlobalSection
	GlobalSection(ProjectConfigurationPlatforms) = postSolution
		{BF7E247E-880C-4D86-8F5E-0B18DEF3B778}.Debug|Any CPU.ActiveCfg = Debug|Any CPU
		{BF7E247E-880C-4D86-8F5E-0B18DEF3B778}.Debug|Any CPU.Build.0 = Debug|Any CPU
		{BF7E247E-880C-4D86-8F5E-0B18DEF3B778}.Release|Any CPU.ActiveCfg = Release|Any CPU
		{BF7E247E-880C-4D86-8F5E-0B18DEF3B778}.Release|Any CPU.Build.0 = Release|Any CPU
		{A8574E89-E3B0-4993-B67A-E50B0A345799}.Debug|Any CPU.ActiveCfg = Debug|Any CPU
		{A8574E89-E3B0-4993-B67A-E50B0A345799}.Debug|Any CPU.Build.0 = Debug|Any CPU
		{A8574E89-E3B0-4993-B67A-E50B0A345799}.Release|Any CPU.ActiveCfg = Release|Any CPU
		{A8574E89-E3B0-4993-B67A-E50B0A345799}.Release|Any CPU.Build.0 = Release|Any CPU
	EndGlobalSection
	GlobalSection(SolutionProperties) = preSolution
		HideSolutionNode = FALSE
	EndGlobalSection
	GlobalSection(ExtensibilityGlobals) = postSolution
		SolutionGuid = {320266AA-92A2-4FE3-BC08-334DAE4DB094}
	EndGlobalSection
EndGlobal
